
Microsoft Visual Studio Solution File, Format Version 12.00
# Visual Studio Version 17
VisualStudioVersion = 17.4.33213.308
MinimumVisualStudioVersion = 10.0.40219.1
Project("{FAE04EC0-301F-11D3-BF4B-00C04F79EFBC}") = "Shemet Non-linear equation", "Shemet Non-linear equation\Shemet Non-linear equation.csproj", "{DA7C0781-55D2-4A5E-8D59-D4E2D7720999}"
EndProject
Global
	GlobalSection(SolutionConfigurationPlatforms) = preSolution
		Debug|Any CPU = Debug|Any CPU
		Release|Any CPU = Release|Any CPU
	EndGlobalSection
	GlobalSection(ProjectConfigurationPlatforms) = postSolution
		{DA7C0781-55D2-4A5E-8D59-D4E2D7720999}.Debug|Any CPU.ActiveCfg = Debug|Any CPU
		{DA7C0781-55D2-4A5E-8D59-D4E2D7720999}.Debug|Any CPU.Build.0 = Debug|Any CPU
		{DA7C0781-55D2-4A5E-8D59-D4E2D7720999}.Release|Any CPU.ActiveCfg = Release|Any CPU
		{DA7C0781-55D2-4A5E-8D59-D4E2D7720999}.Release|Any CPU.Build.0 = Release|Any CPU
	EndGlobalSection
	GlobalSection(SolutionProperties) = preSolution
		HideSolutionNode = FALSE
	EndGlobalSection
	GlobalSection(ExtensibilityGlobals) = postSolution
		SolutionGuid = {D1463971-E493-459F-8982-CA8052593EA4}
	EndGlobalSection
EndGlobal
